annotated-types==0.8.0
anyio==4.14.2
certifi==2026.7.22
charset-normalizer==3.5.1
contourpy==1.3.3
cvxopt==1.3.3
cycler==0.12.1
fonttools==4.63.0
h11==0.16.0
httpcore2==2.12.0
httpx2==2.12.0
idna==3.19
iniconfig==2.3.0
jiter==0.16.0
joblib==1.5.3
kiwisolver==1.5.0
matplotlib==3.11.1
narwhals==2.25.0
neurokit2==0.2.13
numpy==2.4.6
openai==3.6.0
packaging==26.3
pandas==2.3.3
-e git+https://github.com/shrijacked/physio-placebo.git@68f967b0a5ecf81576d88042565573f9bf8ae631#egg=physio_placebo
pillow==12.3.0
pluggy==1.6.0
pyarrow==25.0.1
pydantic==2.13.5
pydantic_core==2.46.5
Pygments==2.21.0
pyparsing==3.3.2
pypdf==6.16.2
pytest==9.1.1
python-dateutil==2.9.0.post0
pytz==2026.3.post1
PyWavelets==1.9.0
PyYAML==6.0.3
requests==2.34.2
ruff==0.16.4
scikit-learn==1.9.0
scipy==1.17.1
six==1.17.0
sniffio==1.3.1
threadpoolctl==3.6.0
tqdm==4.70.0
truststore==0.10.4
typing-inspection==0.4.4
typing_extensions==4.16.0
tzdata==2026.3
urllib3==2.7.0
